PODS:
  - desktop_webview_auth (0.0.1):
    - Flutter
  - Flutter (1.0.0)
  - rust_lib_privateboost_app (0.0.1):
    - Flutter
  - workmanager_apple (0.0.1):
    - Flutter

DEPENDENCIES:
  - desktop_webview_auth (from `.symlinks/plugins/desktop_webview_auth/ios`)
  - Flutter (from `Flutter`)
  - rust_lib_privateboost_app (from `.symlinks/plugins/rust_lib_privateboost_app/ios`)
  - workmanager_apple (from `.symlinks/plugins/workmanager_apple/ios`)

EXTERNAL SOURCES:
  desktop_webview_auth:
    :path: ".symlinks/plugins/desktop_webview_auth/ios"
  Flutter:
    :path: Flutter
  rust_lib_privateboost_app:
    :path: ".symlinks/plugins/rust_lib_privateboost_app/ios"
  workmanager_apple:
    :path: ".symlinks/plugins/workmanager_apple/ios"

SPEC CHECKSUMS:
  desktop_webview_auth: 4cf620136c3d79796496eef85e59508e3a1a003d
  Flutter: cabc95a1d2626b1b06e7179b784ebcf0c0cde467
  rust_lib_privateboost_app: 58894b4ea0de172244eb079099c6f0ac085e9efc
  workmanager_apple: 904529ae31e97fc5be632cf628507652294a0778

PODFILE CHECKSUM: ce2a4dd764e1c7aeed6a7cdc5e61d092b6dc6d32

COCOAPODS: 1.17.0
